{
  "name": "want2view",
  "version": "0.2.0",
  "lockfileVersion": 3,
  "requires": true,
  "packages": {
    "": {
      "name": "want2view",
      "version": "0.2.0",
      "license": "MIT",
      "bin": {
        "want2view": "bin/want2view.js"
      },
      "engines": {
        "node": ">=18"
      }
    }
  }
}
